lockfileVersion: '9.0'

settings:
  autoInstallPeers: true
  excludeLinksFromLockfile: false

importers:

  .:
    dependencies:
      react-router:
        specifier: ^7.8.2
        version: 7.8.2(react@19.1.1)

packages:

  cookie@1.0.2:
    resolution: {integrity: sha512-9Kr/j4O16ISv8zBBhJoi4bXOYNTkFLOqSL3UDB0njXxCXNezjeyVrJyGOWtgfs/q2km1gwBcfH8q1yEGoMYunA==}
    engines: {node: '>=18'}

  react-router@7.8.2:
    resolution: {integrity: sha512-7M2fR1JbIZ/jFWqelpvSZx+7vd7UlBTfdZqf6OSdF9g6+sfdqJDAWcak6ervbHph200ePlu+7G8LdoiC3ReyAQ==}
    engines: {node: '>=20.0.0'}
    peerDependencies:
      react: '>=18'
      react-dom: '>=18'
    peerDependenciesMeta:
      react-dom:
        optional: true

  react@19.1.1:
    resolution: {integrity: sha512-w8nqGImo45dmMIfljjMwOGtbmC/mk4CMYhWIicdSflH91J9TyCyczcPFXJzrZ/ZXcgGRFeP6BU0BEJTw6tZdfQ==}
    engines: {node: '>=0.10.0'}

  set-cookie-parser@2.7.1:
    resolution: {integrity: sha512-IOc8uWeOZgnb3ptbCURJWNjWUPcO3ZnTTdzsurqERrP6nPyv+paC55vJM0LpOlT2ne+Ix+9+CRG1MNLlyZ4GjQ==}

snapshots:

  cookie@1.0.2: {}

  react-router@7.8.2(react@19.1.1):
    dependencies:
      cookie: 1.0.2
      react: 19.1.1
      set-cookie-parser: 2.7.1

  react@19.1.1: {}

  set-cookie-parser@2.7.1: {}
